
Microsoft Visual Studio Solution File, Format Version 12.00
# Visual Studio Version 17
VisualStudioVersion = 17.5.33627.172
MinimumVisualStudioVersion = 10.0.40219.1
Project("{FAE04EC0-301F-11D3-BF4B-00C04F79EFBC}") = "ymyp_3_2_Metotlar", "ymyp_3_2_Metotlar.csproj", "{3DB4F415-9536-448E-9DC7-367FAA55907B}"
EndProject
Global
	GlobalSection(SolutionConfigurationPlatforms) = preSolution
		Debug|Any CPU = Debug|Any CPU
		Release|Any CPU = Release|Any CPU
	EndGlobalSection
	GlobalSection(ProjectConfigurationPlatforms) = postSolution
		{3DB4F415-9536-448E-9DC7-367FAA55907B}.Debug|Any CPU.ActiveCfg = Debug|Any CPU
		{3DB4F415-9536-448E-9DC7-367FAA55907B}.Debug|Any CPU.Build.0 = Debug|Any CPU
		{3DB4F415-9536-448E-9DC7-367FAA55907B}.Release|Any CPU.ActiveCfg = Release|Any CPU
		{3DB4F415-9536-448E-9DC7-367FAA55907B}.Release|Any CPU.Build.0 = Release|Any CPU
	EndGlobalSection
	GlobalSection(SolutionProperties) = preSolution
		HideSolutionNode = FALSE
	EndGlobalSection
	GlobalSection(ExtensibilityGlobals) = postSolution
		SolutionGuid = {0DC179DE-40BF-4FF7-94A6-BCC95BA9633A}
	EndGlobalSection
EndGlobal
